
Microsoft Visual Studio Solution File, Format Version 12.00
# Visual Studio Version 17
VisualStudioVersion = 17.2.32616.157
MinimumVisualStudioVersion = 10.0.40219.1
Project("{FAE04EC0-301F-11D3-BF4B-00C04F79EFBC}") = "tetseGITHUB", "tetseGITHUB\tetseGITHUB.csproj", "{CC80AD93-1498-45DB-B757-7F13A5208AAC}"
EndProject
Global
	GlobalSection(SolutionConfigurationPlatforms) = preSolution
		Debug|Any CPU = Debug|Any CPU
		Release|Any CPU = Release|Any CPU
	EndGlobalSection
	GlobalSection(ProjectConfigurationPlatforms) = postSolution
		{CC80AD93-1498-45DB-B757-7F13A5208AAC}.Debug|Any CPU.ActiveCfg = Debug|Any CPU
		{CC80AD93-1498-45DB-B757-7F13A5208AAC}.Debug|Any CPU.Build.0 = Debug|Any CPU
		{CC80AD93-1498-45DB-B757-7F13A5208AAC}.Release|Any CPU.ActiveCfg = Release|Any CPU
		{CC80AD93-1498-45DB-B757-7F13A5208AAC}.Release|Any CPU.Build.0 = Release|Any CPU
	EndGlobalSection
	GlobalSection(SolutionProperties) = preSolution
		HideSolutionNode = FALSE
	EndGlobalSection
	GlobalSection(ExtensibilityGlobals) = postSolution
		SolutionGuid = {B9444572-B669-43EF-9F39-E2D1040FD795}
	EndGlobalSection
EndGlobal
